
Microsoft Visual Studio Solution File, Format Version 12.00
# Visual Studio Version 17
VisualStudioVersion = 17.13.35931.197
MinimumVisualStudioVersion = 10.0.40219.1
Project("{FAE04EC0-301F-11D3-BF4B-00C04F79EFBC}") = "EventTicketingSystem.Api", "EventTicketingSystem.Api\EventTicketingSystem.Api.csproj", "{55C6B6BB-EDFC-431A-9CC2-FB278CF50326}"
EndProject
Project("{FAE04EC0-301F-11D3-BF4B-00C04F79EFBC}") = "EventTicketingSystem.App", "EventTicketingSystem.App\EventTicketingSystem.App.csproj", "{8C8F95C4-1260-4F93-9406-AB52F2EF479E}"
EndProject
Project("{2150E333-8FDC-42A3-9474-1A3956D46DE8}") = "Documents", "Documents", "{E7CCEFBB-ACEC-41F4-BEED-57F467B20302}"
	ProjectSection(SolutionItems) = preProject
		DropExistingTables.sql = DropExistingTables.sql
		CreateSampleData.sql = CreateSampleData.sql
		EventTicketingSystem.sql = EventTicketingSystem.sql
		README.md = README.md
		SecretManager.md = SecretManager.md
	EndProjectSection
EndProject
Project("{FAE04EC0-301F-11D3-BF4B-00C04F79EFBC}") = "EventTicketingSystem.Database", "EventTicketingSystem.Database\EventTicketingSystem.Database.csproj", "{2E5E03A1-FE0B-0627-20D1-A308BF05267E}"
EndProject
Project("{FAE04EC0-301F-11D3-BF4B-00C04F79EFBC}") = "EventTicketingSystem.Shared", "EventTicketingSystem.Shared\EventTicketingSystem.Shared.csproj", "{A1462107-D4A3-EA38-2ED9-D16877BCA4CC}"
EndProject
Project("{FAE04EC0-301F-11D3-BF4B-00C04F79EFBC}") = "EventTicketingSystem.Domain", "EventTicketingSystem.Domain\EventTicketingSystem.Domain.csproj", "{06607EA3-3EC1-942E-3985-52F3ABF21138}"
EndProject
Global
	GlobalSection(SolutionConfigurationPlatforms) = preSolution
		Debug|Any CPU = Debug|Any CPU
		Release|Any CPU = Release|Any CPU
	EndGlobalSection
	GlobalSection(ProjectConfigurationPlatforms) = postSolution
		{55C6B6BB-EDFC-431A-9CC2-FB278CF50326}.Debug|Any CPU.ActiveCfg = Debug|Any CPU
		{55C6B6BB-EDFC-431A-9CC2-FB278CF50326}.Debug|Any CPU.Build.0 = Debug|Any CPU
		{55C6B6BB-EDFC-431A-9CC2-FB278CF50326}.Release|Any CPU.ActiveCfg = Release|Any CPU
		{55C6B6BB-EDFC-431A-9CC2-FB278CF50326}.Release|Any CPU.Build.0 = Release|Any CPU
		{8C8F95C4-1260-4F93-9406-AB52F2EF479E}.Debug|Any CPU.ActiveCfg = Debug|Any CPU
		{8C8F95C4-1260-4F93-9406-AB52F2EF479E}.Debug|Any CPU.Build.0 = Debug|Any CPU
		{8C8F95C4-1260-4F93-9406-AB52F2EF479E}.Release|Any CPU.ActiveCfg = Release|Any CPU
		{8C8F95C4-1260-4F93-9406-AB52F2EF479E}.Release|Any CPU.Build.0 = Release|Any CPU
		{2E5E03A1-FE0B-0627-20D1-A308BF05267E}.Debug|Any CPU.ActiveCfg = Debug|Any CPU
		{2E5E03A1-FE0B-0627-20D1-A308BF05267E}.Debug|Any CPU.Build.0 = Debug|Any CPU
		{2E5E03A1-FE0B-0627-20D1-A308BF05267E}.Release|Any CPU.ActiveCfg = Release|Any CPU
		{2E5E03A1-FE0B-0627-20D1-A308BF05267E}.Release|Any CPU.Build.0 = Release|Any CPU
		{A1462107-D4A3-EA38-2ED9-D16877BCA4CC}.Debug|Any CPU.ActiveCfg = Debug|Any CPU
		{A1462107-D4A3-EA38-2ED9-D16877BCA4CC}.Debug|Any CPU.Build.0 = Debug|Any CPU
		{A1462107-D4A3-EA38-2ED9-D16877BCA4CC}.Release|Any CPU.ActiveCfg = Release|Any CPU
		{A1462107-D4A3-EA38-2ED9-D16877BCA4CC}.Release|Any CPU.Build.0 = Release|Any CPU
		{06607EA3-3EC1-942E-3985-52F3ABF21138}.Debug|Any CPU.ActiveCfg = Debug|Any CPU
		{06607EA3-3EC1-942E-3985-52F3ABF21138}.Debug|Any CPU.Build.0 = Debug|Any CPU
		{06607EA3-3EC1-942E-3985-52F3ABF21138}.Release|Any CPU.ActiveCfg = Release|Any CPU
		{06607EA3-3EC1-942E-3985-52F3ABF21138}.Release|Any CPU.Build.0 = Release|Any CPU
	EndGlobalSection
	GlobalSection(SolutionProperties) = preSolution
		HideSolutionNode = FALSE
	EndGlobalSection
	GlobalSection(ExtensibilityGlobals) = postSolution
		SolutionGuid = {32A49E95-3D8B-45CF-95CD-B2D45B3BE92E}
	EndGlobalSection
EndGlobal
